
Microsoft Visual Studio Solution File, Format Version 12.00
# Visual Studio Version 16
VisualStudioVersion = 16.0.29424.173
MinimumVisualStudioVersion = 10.0.40219.1
Project("{9A19103F-16F7-4668-BE54-9A1E7A4F7556}") = "SnakeDraft", "SnakeDraft\SnakeDraft.csproj", "{B064FB8F-A1EB-4110-BE8B-D61096180054}"
EndProject
Project("{9A19103F-16F7-4668-BE54-9A1E7A4F7556}") = "Point", "Point\Point.csproj", "{616787BB-0575-47FF-A469-E2838CE52AC7}"
EndProject
Global
	GlobalSection(SolutionConfigurationPlatforms) = preSolution
		Debug|Any CPU = Debug|Any CPU
		Release|Any CPU = Release|Any CPU
	EndGlobalSection
	GlobalSection(ProjectConfigurationPlatforms) = postSolution
		{B064FB8F-A1EB-4110-BE8B-D61096180054}.Debug|Any CPU.ActiveCfg = Debug|Any CPU
		{B064FB8F-A1EB-4110-BE8B-D61096180054}.Debug|Any CPU.Build.0 = Debug|Any CPU
		{B064FB8F-A1EB-4110-BE8B-D61096180054}.Release|Any CPU.ActiveCfg = Release|Any CPU
		{B064FB8F-A1EB-4110-BE8B-D61096180054}.Release|Any CPU.Build.0 = Release|Any CPU
		{616787BB-0575-47FF-A469-E2838CE52AC7}.Debug|Any CPU.ActiveCfg = Debug|Any CPU
		{616787BB-0575-47FF-A469-E2838CE52AC7}.Debug|Any CPU.Build.0 = Debug|Any CPU
		{616787BB-0575-47FF-A469-E2838CE52AC7}.Release|Any CPU.ActiveCfg = Release|Any CPU
		{616787BB-0575-47FF-A469-E2838CE52AC7}.Release|Any CPU.Build.0 = Release|Any CPU
	EndGlobalSection
	GlobalSection(SolutionProperties) = preSolution
		HideSolutionNode = FALSE
	EndGlobalSection
	GlobalSection(ExtensibilityGlobals) = postSolution
		SolutionGuid = {7FEA94EE-0294-4AD9-8D67-73BB38550E56}
	EndGlobalSection
EndGlobal
